
Microsoft Visual Studio Solution File, Format Version 12.00
# Visual Studio Version 17
VisualStudioVersion = 17.14.36623.8
MinimumVisualStudioVersion = 10.0.40219.1
Project("{2150E333-8FDC-42A3-9474-1A3956D46DE8}") = "src", "src", "{02EA681E-C7D8-13C7-8484-4AC65E1B71E8}"
EndProject
Project("{FAE04EC0-301F-11D3-BF4B-00C04F79EFBC}") = "Identity.API", "Identity.API\Identity.API.csproj", "{6831E134-72EF-482A-8DBC-DAEEDECA2CD0}"
EndProject
Project("{FAE04EC0-301F-11D3-BF4B-00C04F79EFBC}") = "Event.API", "Event.Api\Event.API.csproj", "{2548CB48-1014-4333-8A57-B016121EE3F3}"
EndProject
Project("{FAE04EC0-301F-11D3-BF4B-00C04F79EFBC}") = "Event.Domain", "Event.Domain\Event.Domain.csproj", "{32B9AB82-CA80-4AA5-8CF9-12D87260411D}"
EndProject
Project("{FAE04EC0-301F-11D3-BF4B-00C04F79EFBC}") = "Event.Infrastructure", "Event.Infrastructure\Event.Infrastructure.csproj", "{B6F2C24F-5129-48A4-9BB5-67E0EDFE9CA3}"
EndProject
Project("{FAE04EC0-301F-11D3-BF4B-00C04F79EFBC}") = "Booking.Domain", "Booking.Domain\Booking.Domain.csproj", "{0BFB8D05-3787-488A-B107-B3AF6ADC6F80}"
EndProject
Project("{FAE04EC0-301F-11D3-BF4B-00C04F79EFBC}") = "Booking.Infrastructure", "Booking.Infrastructure\Booking.Infrastructure.csproj", "{81F95D59-881F-4A35-B8AE-2CB75B727CEA}"
EndProject
Project("{FAE04EC0-301F-11D3-BF4B-00C04F79EFBC}") = "Booking.API", "Booking.API\Booking.API.csproj", "{A2166421-39A1-4C1F-AC40-3A67E9A4586C}"
EndProject
Project("{2150E333-8FDC-42A3-9474-1A3956D46DE8}") = "BookingService", "BookingService", "{48DD5E6C-033F-4929-AC26-99AD7B42E8B2}"
EndProject
Project("{2150E333-8FDC-42A3-9474-1A3956D46DE8}") = "EventService", "EventService", "{9D4638BD-E109-4D14-9076-F2175DFA3D1F}"
EndProject
Global
	GlobalSection(SolutionConfigurationPlatforms) = preSolution
		Debug|Any CPU = Debug|Any CPU
		Release|Any CPU = Release|Any CPU
	EndGlobalSection
	GlobalSection(ProjectConfigurationPlatforms) = postSolution
		{6831E134-72EF-482A-8DBC-DAEEDECA2CD0}.Debug|Any CPU.ActiveCfg = Debug|Any CPU
		{6831E134-72EF-482A-8DBC-DAEEDECA2CD0}.Debug|Any CPU.Build.0 = Debug|Any CPU
		{6831E134-72EF-482A-8DBC-DAEEDECA2CD0}.Release|Any CPU.ActiveCfg = Release|Any CPU
		{6831E134-72EF-482A-8DBC-DAEEDECA2CD0}.Release|Any CPU.Build.0 = Release|Any CPU
		{2548CB48-1014-4333-8A57-B016121EE3F3}.Debug|Any CPU.ActiveCfg = Debug|Any CPU
		{2548CB48-1014-4333-8A57-B016121EE3F3}.Debug|Any CPU.Build.0 = Debug|Any CPU
		{2548CB48-1014-4333-8A57-B016121EE3F3}.Release|Any CPU.ActiveCfg = Release|Any CPU
		{2548CB48-1014-4333-8A57-B016121EE3F3}.Release|Any CPU.Build.0 = Release|Any CPU
		{32B9AB82-CA80-4AA5-8CF9-12D87260411D}.Debug|Any CPU.ActiveCfg = Debug|Any CPU
		{32B9AB82-CA80-4AA5-8CF9-12D87260411D}.Debug|Any CPU.Build.0 = Debug|Any CPU
		{32B9AB82-CA80-4AA5-8CF9-12D87260411D}.Release|Any CPU.ActiveCfg = Release|Any CPU
		{32B9AB82-CA80-4AA5-8CF9-12D87260411D}.Release|Any CPU.Build.0 = Release|Any CPU
		{B6F2C24F-5129-48A4-9BB5-67E0EDFE9CA3}.Debug|Any CPU.ActiveCfg = Debug|Any CPU
		{B6F2C24F-5129-48A4-9BB5-67E0EDFE9CA3}.Debug|Any CPU.Build.0 = Debug|Any CPU
		{B6F2C24F-5129-48A4-9BB5-67E0EDFE9CA3}.Release|Any CPU.ActiveCfg = Release|Any CPU
		{B6F2C24F-5129-48A4-9BB5-67E0EDFE9CA3}.Release|Any CPU.Build.0 = Release|Any CPU
		{0BFB8D05-3787-488A-B107-B3AF6ADC6F80}.Debug|Any CPU.ActiveCfg = Debug|Any CPU
		{0BFB8D05-3787-488A-B107-B3AF6ADC6F80}.Debug|Any CPU.Build.0 = Debug|Any CPU
		{0BFB8D05-3787-488A-B107-B3AF6ADC6F80}.Release|Any CPU.ActiveCfg = Release|Any CPU
		{0BFB8D05-3787-488A-B107-B3AF6ADC6F80}.Release|Any CPU.Build.0 = Release|Any CPU
		{81F95D59-881F-4A35-B8AE-2CB75B727CEA}.Debug|Any CPU.ActiveCfg = Debug|Any CPU
		{81F95D59-881F-4A35-B8AE-2CB75B727CEA}.Debug|Any CPU.Build.0 = Debug|Any CPU
		{81F95D59-881F-4A35-B8AE-2CB75B727CEA}.Release|Any CPU.ActiveCfg = Release|Any CPU
		{81F95D59-881F-4A35-B8AE-2CB75B727CEA}.Release|Any CPU.Build.0 = Release|Any CPU
		{A2166421-39A1-4C1F-AC40-3A67E9A4586C}.Debug|Any CPU.ActiveCfg = Debug|Any CPU
		{A2166421-39A1-4C1F-AC40-3A67E9A4586C}.Debug|Any CPU.Build.0 = Debug|Any CPU
		{A2166421-39A1-4C1F-AC40-3A67E9A4586C}.Release|Any CPU.ActiveCfg = Release|Any CPU
		{A2166421-39A1-4C1F-AC40-3A67E9A4586C}.Release|Any CPU.Build.0 = Release|Any CPU
	EndGlobalSection
	GlobalSection(SolutionProperties) = preSolution
		HideSolutionNode = FALSE
	EndGlobalSection
	GlobalSection(NestedProjects) = preSolution
		{6831E134-72EF-482A-8DBC-DAEEDECA2CD0} = {02EA681E-C7D8-13C7-8484-4AC65E1B71E8}
		{2548CB48-1014-4333-8A57-B016121EE3F3} = {9D4638BD-E109-4D14-9076-F2175DFA3D1F}
		{32B9AB82-CA80-4AA5-8CF9-12D87260411D} = {9D4638BD-E109-4D14-9076-F2175DFA3D1F}
		{B6F2C24F-5129-48A4-9BB5-67E0EDFE9CA3} = {9D4638BD-E109-4D14-9076-F2175DFA3D1F}
		{0BFB8D05-3787-488A-B107-B3AF6ADC6F80} = {48DD5E6C-033F-4929-AC26-99AD7B42E8B2}
		{81F95D59-881F-4A35-B8AE-2CB75B727CEA} = {48DD5E6C-033F-4929-AC26-99AD7B42E8B2}
		{A2166421-39A1-4C1F-AC40-3A67E9A4586C} = {48DD5E6C-033F-4929-AC26-99AD7B42E8B2}
		{48DD5E6C-033F-4929-AC26-99AD7B42E8B2} = {02EA681E-C7D8-13C7-8484-4AC65E1B71E8}
		{9D4638BD-E109-4D14-9076-F2175DFA3D1F} = {02EA681E-C7D8-13C7-8484-4AC65E1B71E8}
	EndGlobalSection
	GlobalSection(ExtensibilityGlobals) = postSolution
		SolutionGuid = {CEA9C3F2-7BA3-4A1B-8C66-9A96547E4E48}
	EndGlobalSection
EndGlobal
