
Microsoft Visual Studio Solution File, Format Version 12.00
# Visual Studio Version 17
VisualStudioVersion = 17.14.36623.8
MinimumVisualStudioVersion = 10.0.40219.1
Project("{2150E333-8FDC-42A3-9474-1A3956D46DE8}") = "src", "src", "{02EA681E-C7D8-13C7-8484-4AC65E1B71E8}"
EndProject
Project("{FAE04EC0-301F-11D3-BF4B-00C04F79EFBC}") = "Identity.API", "Identity.API\Identity.API.csproj", "{6831E134-72EF-482A-8DBC-DAEEDECA2CD0}"
EndProject
Project("{FAE04EC0-301F-11D3-BF4B-00C04F79EFBC}") = "Event.API", "Event.Api\Event.API.csproj", "{2548CB48-1014-4333-8A57-B016121EE3F3}"
EndProject
Project("{FAE04EC0-301F-11D3-BF4B-00C04F79EFBC}") = "Event.Domain", "Event.Domain\Event.Domain.csproj", "{32B9AB82-CA80-4AA5-8CF9-12D87260411D}"
EndProject
Project("{FAE04EC0-301F-11D3-BF4B-00C04F79EFBC}") = "Event.Infrastructure", "Event.Infrastructure\Event.Infrastructure.csproj", "{B6F2C24F-5129-48A4-9BB5-67E0EDFE9CA3}"
EndProject
Global
	GlobalSection(SolutionConfigurationPlatforms) = preSolution
		Debug|Any CPU = Debug|Any CPU
		Release|Any CPU = Release|Any CPU
	EndGlobalSection
	GlobalSection(ProjectConfigurationPlatforms) = postSolution
		{6831E134-72EF-482A-8DBC-DAEEDECA2CD0}.Debug|Any CPU.ActiveCfg = Debug|Any CPU
		{6831E134-72EF-482A-8DBC-DAEEDECA2CD0}.Debug|Any CPU.Build.0 = Debug|Any CPU
		{6831E134-72EF-482A-8DBC-DAEEDECA2CD0}.Release|Any CPU.ActiveCfg = Release|Any CPU
		{6831E134-72EF-482A-8DBC-DAEEDECA2CD0}.Release|Any CPU.Build.0 = Release|Any CPU
		{2548CB48-1014-4333-8A57-B016121EE3F3}.Debug|Any CPU.ActiveCfg = Debug|Any CPU
		{2548CB48-1014-4333-8A57-B016121EE3F3}.Debug|Any CPU.Build.0 = Debug|Any CPU
		{2548CB48-1014-4333-8A57-B016121EE3F3}.Release|Any CPU.ActiveCfg = Release|Any CPU
		{2548CB48-1014-4333-8A57-B016121EE3F3}.Release|Any CPU.Build.0 = Release|Any CPU
		{32B9AB82-CA80-4AA5-8CF9-12D87260411D}.Debug|Any CPU.ActiveCfg = Debug|Any CPU
		{32B9AB82-CA80-4AA5-8CF9-12D87260411D}.Debug|Any CPU.Build.0 = Debug|Any CPU
		{32B9AB82-CA80-4AA5-8CF9-12D87260411D}.Release|Any CPU.ActiveCfg = Release|Any CPU
		{32B9AB82-CA80-4AA5-8CF9-12D87260411D}.Release|Any CPU.Build.0 = Release|Any CPU
		{B6F2C24F-5129-48A4-9BB5-67E0EDFE9CA3}.Debug|Any CPU.ActiveCfg = Debug|Any CPU
		{B6F2C24F-5129-48A4-9BB5-67E0EDFE9CA3}.Debug|Any CPU.Build.0 = Debug|Any CPU
		{B6F2C24F-5129-48A4-9BB5-67E0EDFE9CA3}.Release|Any CPU.ActiveCfg = Release|Any CPU
		{B6F2C24F-5129-48A4-9BB5-67E0EDFE9CA3}.Release|Any CPU.Build.0 = Release|Any CPU
	EndGlobalSection
	GlobalSection(SolutionProperties) = preSolution
		HideSolutionNode = FALSE
	EndGlobalSection
	GlobalSection(NestedProjects) = preSolution
		{6831E134-72EF-482A-8DBC-DAEEDECA2CD0} = {02EA681E-C7D8-13C7-8484-4AC65E1B71E8}
		{2548CB48-1014-4333-8A57-B016121EE3F3} = {02EA681E-C7D8-13C7-8484-4AC65E1B71E8}
		{32B9AB82-CA80-4AA5-8CF9-12D87260411D} = {02EA681E-C7D8-13C7-8484-4AC65E1B71E8}
		{B6F2C24F-5129-48A4-9BB5-67E0EDFE9CA3} = {02EA681E-C7D8-13C7-8484-4AC65E1B71E8}
	EndGlobalSection
	GlobalSection(ExtensibilityGlobals) = postSolution
		SolutionGuid = {CEA9C3F2-7BA3-4A1B-8C66-9A96547E4E48}
	EndGlobalSection
EndGlobal
